// !$*UTF8*$!
{
	archiveVersion = 1;
	classes = {
	};
	objectVersion = 77;
	objects = {

/* Begin PBXBuildFile section */
		D913140B2F5A9DC8003B0B26 /* FirebaseAppCheck in Frameworks */ = {isa = PBXBuildFile; productRef = D913140A2F5A9DC8003B0B26 /* FirebaseAppCheck */; };
		D913140D2F5A9DC8003B0B26 /* FirebaseAuth in Frameworks */ = {isa = PBXBuildFile; productRef = D913140C2F5A9DC8003B0B26 /* FirebaseAuth */; };
		D913140F2F5A9DC8003B0B26 /* FirebaseAuthCombine-Community in Frameworks */ = {isa = PBXBuildFile; productRef = D913140E2F5A9DC8003B0B26 /* FirebaseAuthCombine-Community */; };
		D91314112F5A9DC8003B0B26 /* FirebaseCore in Frameworks */ = {isa = PBXBuildFile; productRef = D91314102F5A9DC8003B0B26 /* FirebaseCore */; };
		D91314132F5A9DC8003B0B26 /* FirebaseDatabase in Frameworks */ = {isa = PBXBuildFile; productRef = D91314122F5A9DC8003B0B26 /* FirebaseDatabase */; };
		D91314152F5A9DC8003B0B26 /* FirebaseFunctions in Frameworks */ = {isa = PBXBuildFile; productRef = D91314142F5A9DC8003B0B26 /* FirebaseFunctions */; };
		D91314172F5A9DC8003B0B26 /* FirebaseInstallations in Frameworks */ = {isa = PBXBuildFile; productRef = D91314162F5A9DC8003B0B26 /* FirebaseInstallations */; };
		D91314192F5A9DC8003B0B26 /* FirebaseRemoteConfig in Frameworks */ = {isa = PBXBuildFile; productRef = D91314182F5A9DC8003B0B26 /* FirebaseRemoteConfig */; };
		D913146F2F5AAB28003B0B26 /* FirebaseAI in Frameworks */ = {isa = PBXBuildFile; productRef = D913146E2F5AAB28003B0B26 /* FirebaseAI */; };
		D91314712F5AAB28003B0B26 /* FirebaseAILogic in Frameworks */ = {isa = PBXBuildFile; productRef = D91314702F5AAB28003B0B26 /* FirebaseAILogic */; };
		D91314732F5AAB28003B0B26 /* FirebaseAnalytics in Frameworks */ = {isa = PBXBuildFile; productRef = D91314722F5AAB28003B0B26 /* FirebaseAnalytics */; };
		D91314752F5AAB28003B0B26 /* FirebaseAnalyticsCore in Frameworks */ = {isa = PBXBuildFile; productRef = D91314742F5AAB28003B0B26 /* FirebaseAnalyticsCore */; };
		D91314772F5AAB28003B0B26 /* FirebaseAnalyticsIdentitySupport in Frameworks */ = {isa = PBXBuildFile; productRef = D91314762F5AAB28003B0B26 /* FirebaseAnalyticsIdentitySupport */; };
		D91314792F5AAB28003B0B26 /* FirebaseAppDistribution-Beta in Frameworks */ = {isa = PBXBuildFile; productRef = D91314782F5AAB28003B0B26 /* FirebaseAppDistribution-Beta */; };
		D913147B2F5AAB28003B0B26 /* FirebaseCrashlytics in Frameworks */ = {isa = PBXBuildFile; productRef = D913147A2F5AAB28003B0B26 /* FirebaseCrashlytics */; };
		D913147D2F5AAB28003B0B26 /* FirebaseFirestore in Frameworks */ = {isa = PBXBuildFile; productRef = D913147C2F5AAB28003B0B26 /* FirebaseFirestore */; };
		D913147F2F5AAB28003B0B26 /* FirebaseFirestoreCombine-Community in Frameworks */ = {isa = PBXBuildFile; productRef = D913147E2F5AAB28003B0B26 /* FirebaseFirestoreCombine-Community */; };
		D91314812F5AAB28003B0B26 /* FirebaseFunctionsCombine-Community in Frameworks */ = {isa = PBXBuildFile; productRef = D91314802F5AAB28003B0B26 /* FirebaseFunctionsCombine-Community */; };
		D91314832F5AAB28003B0B26 /* FirebaseInAppMessaging-Beta in Frameworks */ = {isa = PBXBuildFile; productRef = D91314822F5AAB28003B0B26 /* FirebaseInAppMessaging-Beta */; };
		D91314852F5AAB28003B0B26 /* FirebaseMessaging in Frameworks */ = {isa = PBXBuildFile; productRef = D91314842F5AAB28003B0B26 /* FirebaseMessaging */; };
		D91314872F5AAB28003B0B26 /* FirebaseMLModelDownloader in Frameworks */ = {isa = PBXBuildFile; productRef = D91314862F5AAB28003B0B26 /* FirebaseMLModelDownloader */; };
		D91314892F5AAB28003B0B26 /* FirebasePerformance in Frameworks */ = {isa = PBXBuildFile; productRef = D91314882F5AAB28003B0B26 /* FirebasePerformance */; };
		D913148B2F5AAB28003B0B26 /* FirebaseStorage in Frameworks */ = {isa = PBXBuildFile; productRef = D913148A2F5AAB28003B0B26 /* FirebaseStorage */; };
		D913148D2F5AAB28003B0B26 /* FirebaseStorageCombine-Community in Frameworks */ = {isa = PBXBuildFile; productRef = D913148C2F5AAB28003B0B26 /* FirebaseStorageCombine-Community */; };
		D91314902F5AAC31003B0B26 /* GoogleSignIn in Frameworks */ = {isa = PBXBuildFile; productRef = D913148F2F5AAC31003B0B26 /* GoogleSignIn */; };
		D91314922F5AAC31003B0B26 /* GoogleSignInSwift in Frameworks */ = {isa = PBXBuildFile; productRef = D91314912F5AAC31003B0B26 /* GoogleSignInSwift */; };
		D99172672F5AC158005B8A67 /* Cloudinary in Frameworks */ = {isa = PBXBuildFile; productRef = D99172662F5AC158005B8A67 /* Cloudinary */; };
/* End PBXBuildFile section */

/* Begin PBXFileReference section */
		D91313FB2F5A992D003B0B26 /* ToDoList.app */ = {isa = PBXFileReference; explicitFileType = wrapper.application; includeInIndex = 0; path = ToDoList.app; sourceTree = BUILT_PRODUCTS_DIR; };
/* End PBXFileReference section */

/* Begin PBXFileSystemSynchronizedBuildFileExceptionSet section */
		D9781E052F5EB21E0018628A /* Exceptions for "ToDoList" folder in "ToDoList" target */ = {
			isa = PBXFileSystemSynchronizedBuildFileExceptionSet;
			membershipExceptions = (
				Info.plist,
			);
			target = D91313FA2F5A992D003B0B26 /* ToDoList */;
		};
/* End PBXFileSystemSynchronizedBuildFileExceptionSet section */

/* Begin PBXFileSystemSynchronizedRootGroup section */
		D91313FD2F5A992D003B0B26 /* ToDoList */ = {
			isa = PBXFileSystemSynchronizedRootGroup;
			exceptions = (
				D9781E052F5EB21E0018628A /* Exceptions for "ToDoList" folder in "ToDoList" target */,
			);
			path = ToDoList;
			sourceTree = "<group>";
		};
/* End PBXFileSystemSynchronizedRootGroup section */

/* Begin PBXFrameworksBuildPhase section */
		D91313F82F5A992D003B0B26 /* Frameworks */ = {
			isa = PBXFrameworksBuildPhase;
			buildActionMask = 2147483647;
			files = (
				D91314892F5AAB28003B0B26 /* FirebasePerformance in Frameworks */,
				D91314132F5A9DC8003B0B26 /* FirebaseDatabase in Frameworks */,
				D91314772F5AAB28003B0B26 /* FirebaseAnalyticsIdentitySupport in Frameworks */,
				D91314172F5A9DC8003B0B26 /* FirebaseInstallations in Frameworks */,
				D913146F2F5AAB28003B0B26 /* FirebaseAI in Frameworks */,
				D99172672F5AC158005B8A67 /* Cloudinary in Frameworks */,
				D91314922F5AAC31003B0B26 /* GoogleSignInSwift in Frameworks */,
				D913140B2F5A9DC8003B0B26 /* FirebaseAppCheck in Frameworks */,
				D913147D2F5AAB28003B0B26 /* FirebaseFirestore in Frameworks */,
				D91314872F5AAB28003B0B26 /* FirebaseMLModelDownloader in Frameworks */,
				D91314712F5AAB28003B0B26 /* FirebaseAILogic in Frameworks */,
				D913140F2F5A9DC8003B0B26 /* FirebaseAuthCombine-Community in Frameworks */,
				D913148D2F5AAB28003B0B26 /* FirebaseStorageCombine-Community in Frameworks */,
				D91314792F5AAB28003B0B26 /* FirebaseAppDistribution-Beta in Frameworks */,
				D913148B2F5AAB28003B0B26 /* FirebaseStorage in Frameworks */,
				D91314732F5AAB28003B0B26 /* FirebaseAnalytics in Frameworks */,
				D91314752F5AAB28003B0B26 /* FirebaseAnalyticsCore in Frameworks */,
				D91314902F5AAC31003B0B26 /* GoogleSignIn in Frameworks */,
				D91314832F5AAB28003B0B26 /* FirebaseInAppMessaging-Beta in Frameworks */,
				D91314852F5AAB28003B0B26 /* FirebaseMessaging in Frameworks */,
				D91314812F5AAB28003B0B26 /* FirebaseFunctionsCombine-Community in Frameworks */,
				D913147F2F5AAB28003B0B26 /* FirebaseFirestoreCombine-Community in Frameworks */,
				D91314152F5A9DC8003B0B26 /* FirebaseFunctions in Frameworks */,
				D91314112F5A9DC8003B0B26 /* FirebaseCore in Frameworks */,
				D913147B2F5AAB28003B0B26 /* FirebaseCrashlytics in Frameworks */,
				D913140D2F5A9DC8003B0B26 /* FirebaseAuth in Frameworks */,
				D91314192F5A9DC8003B0B26 /* FirebaseRemoteConfig in Frameworks */,
			);
			runOnlyForDeploymentPostprocessing = 0;
		};
/* End PBXFrameworksBuildPhase section */

/* Begin PBXGroup section */
		D91313F22F5A992D003B0B26 = {
			isa = PBXGroup;
			children = (
				D91313FD2F5A992D003B0B26 /* ToDoList */,
				D913146D2F5AAB1B003B0B26 /* Frameworks */,
				D91313FC2F5A992D003B0B26 /* Products */,
			);
			sourceTree = "<group>";
		};
		D91313FC2F5A992D003B0B26 /* Products */ = {
			isa = PBXGroup;
			children = (
				D91313FB2F5A992D003B0B26 /* ToDoList.app */,
			);
			name = Products;
			sourceTree = "<group>";
		};
		D913146D2F5AAB1B003B0B26 /* Frameworks */ = {
			isa = PBXGroup;
			children = (
			);
			name = Frameworks;
			sourceTree = "<group>";
		};
/* End PBXGroup section */

/* Begin PBXNativeTarget section */
		D91313FA2F5A992D003B0B26 /* ToDoList */ = {
			isa = PBXNativeTarget;
			buildConfigurationList = D91314062F5A992F003B0B26 /* Build configuration list for PBXNativeTarget "ToDoList" */;
			buildPhases = (
				D91313F72F5A992D003B0B26 /* Sources */,
				D91313F82F5A992D003B0B26 /* Frameworks */,
				D91313F92F5A992D003B0B26 /* Resources */,
			);
			buildRules = (
			);
			dependencies = (
			);
			fileSystemSynchronizedGroups = (
				D91313FD2F5A992D003B0B26 /* ToDoList */,
			);
			name = ToDoList;
			packageProductDependencies = (
				D913140A2F5A9DC8003B0B26 /* FirebaseAppCheck */,
				D913140C2F5A9DC8003B0B26 /* FirebaseAuth */,
				D913140E2F5A9DC8003B0B26 /* FirebaseAuthCombine-Community */,
				D91314102F5A9DC8003B0B26 /* FirebaseCore */,
				D91314122F5A9DC8003B0B26 /* FirebaseDatabase */,
				D91314142F5A9DC8003B0B26 /* FirebaseFunctions */,
				D91314162F5A9DC8003B0B26 /* FirebaseInstallations */,
				D91314182F5A9DC8003B0B26 /* FirebaseRemoteConfig */,
				D913146E2F5AAB28003B0B26 /* FirebaseAI */,
				D91314702F5AAB28003B0B26 /* FirebaseAILogic */,
				D91314722F5AAB28003B0B26 /* FirebaseAnalytics */,
				D91314742F5AAB28003B0B26 /* FirebaseAnalyticsCore */,
				D91314762F5AAB28003B0B26 /* FirebaseAnalyticsIdentitySupport */,
				D91314782F5AAB28003B0B26 /* FirebaseAppDistribution-Beta */,
				D913147A2F5AAB28003B0B26 /* FirebaseCrashlytics */,
				D913147C2F5AAB28003B0B26 /* FirebaseFirestore */,
				D913147E2F5AAB28003B0B26 /* FirebaseFirestoreCombine-Community */,
				D91314802F5AAB28003B0B26 /* FirebaseFunctionsCombine-Community */,
				D91314822F5AAB28003B0B26 /* FirebaseInAppMessaging-Beta */,
				D91314842F5AAB28003B0B26 /* FirebaseMessaging */,
				D91314862F5AAB28003B0B26 /* FirebaseMLModelDownloader */,
				D91314882F5AAB28003B0B26 /* FirebasePerformance */,
				D913148A2F5AAB28003B0B26 /* FirebaseStorage */,
				D913148C2F5AAB28003B0B26 /* FirebaseStorageCombine-Community */,
				D913148F2F5AAC31003B0B26 /* GoogleSignIn */,
				D91314912F5AAC31003B0B26 /* GoogleSignInSwift */,
				D99172662F5AC158005B8A67 /* Cloudinary */,
			);
			productName = ToDoList;
			productReference = D91313FB2F5A992D003B0B26 /* ToDoList.app */;
			productType = "com.apple.product-type.application";
		};
/* End PBXNativeTarget section */

/* Begin PBXProject section */
		D91313F32F5A992D003B0B26 /* Project object */ = {
			isa = PBXProject;
			attributes = {
				BuildIndependentTargetsInParallel = 1;
				LastSwiftUpdateCheck = 2620;
				LastUpgradeCheck = 2620;
				TargetAttributes = {
					D91313FA2F5A992D003B0B26 = {
						CreatedOnToolsVersion = 26.2;
					};
				};
			};
			buildConfigurationList = D91313F62F5A992D003B0B26 /* Build configuration list for PBXProject "ToDoList" */;
			developmentRegion = en;
			hasScannedForEncodings = 0;
			knownRegions = (
				en,
				Base,
			);
			mainGroup = D91313F22F5A992D003B0B26;
			minimizedProjectReferenceProxies = 1;
			packageReferences = (
				D91314092F5A9DC8003B0B26 /* XCRemoteSwiftPackageReference "firebase-ios-sdk" */,
				D913148E2F5AAC31003B0B26 /* XCRemoteSwiftPackageReference "GoogleSignIn-iOS" */,
				D99172652F5AC158005B8A67 /* XCRemoteSwiftPackageReference "cloudinary_ios" */,
			);
			preferredProjectObjectVersion = 77;
			productRefGroup = D91313FC2F5A992D003B0B26 /* Products */;
			projectDirPath = "";
			projectRoot = "";
			targets = (
				D91313FA2F5A992D003B0B26 /* ToDoList */,
			);
		};
/* End PBXProject section */

/* Begin PBXResourcesBuildPhase section */
		D91313F92F5A992D003B0B26 /* Resources */ = {
			isa = PBXResourcesBuildPhase;
			buildActionMask = 2147483647;
			files = (
			);
			runOnlyForDeploymentPostprocessing = 0;
		};
/* End PBXResourcesBuildPhase section */

/* Begin PBXSourcesBuildPhase section */
		D91313F72F5A992D003B0B26 /* Sources */ = {
			isa = PBXSourcesBuildPhase;
			buildActionMask = 2147483647;
			files = (
			);
			runOnlyForDeploymentPostprocessing = 0;
		};
/* End PBXSourcesBuildPhase section */

/* Begin XCBuildConfiguration section */
		D91314042F5A992F003B0B26 /* Debug */ = {
			isa = XCBuildConfiguration;
			buildSettings = {
				ALWAYS_SEARCH_USER_PATHS = NO;
				ASSETCATALOG_COMPILER_GENERATE_SWIFT_ASSET_SYMBOL_EXTENSIONS = YES;
				CLANG_ANALYZER_NONNULL = YES;
				CLANG_ANALYZER_NUMBER_OBJECT_CONVERSION = YES_AGGRESSIVE;
				CLANG_CXX_LANGUAGE_STANDARD = "gnu++20";
				CLANG_ENABLE_MODULES = YES;
				CLANG_ENABLE_OBJC_ARC = YES;
				CLANG_ENABLE_OBJC_WEAK = YES;
				CLANG_WARN_BLOCK_CAPTURE_AUTORELEASING = YES;
				CLANG_WARN_BOOL_CONVERSION = YES;
				CLANG_WARN_COMMA = YES;
				CLANG_WARN_CONSTANT_CONVERSION = YES;
				CLANG_WARN_DEPRECATED_OBJC_IMPLEMENTATIONS = YES;
				CLANG_WARN_DIRECT_OBJC_ISA_USAGE = YES_ERROR;
				CLANG_WARN_DOCUMENTATION_COMMENTS = YES;
				CLANG_WARN_EMPTY_BODY = YES;
				CLANG_WARN_ENUM_CONVERSION = YES;
				CLANG_WARN_INFINITE_RECURSION = YES;
				CLANG_WARN_INT_CONVERSION = YES;
				CLANG_WARN_NON_LITERAL_NULL_CONVERSION = YES;
				CLANG_WARN_OBJC_IMPLICIT_RETAIN_SELF = YES;
				CLANG_WARN_OBJC_LITERAL_CONVERSION = YES;
				CLANG_WARN_OBJC_ROOT_CLASS = YES_ERROR;
				CLANG_WARN_QUOTED_INCLUDE_IN_FRAMEWORK_HEADER = YES;
				CLANG_WARN_RANGE_LOOP_ANALYSIS = YES;
				CLANG_WARN_STRICT_PROTOTYPES = YES;
				CLANG_WARN_SUSPICIOUS_MOVE = YES;
				CLANG_WARN_UNGUARDED_AVAILABILITY = YES_AGGRESSIVE;
				CLANG_WARN_UNREACHABLE_CODE = YES;
				CLANG_WARN__DUPLICATE_METHOD_MATCH = YES;
				COPY_PHASE_STRIP = NO;
				DEBUG_INFORMATION_FORMAT = dwarf;
				DEVELOPMENT_TEAM = UTH7HR53ZY;
				ENABLE_STRICT_OBJC_MSGSEND = YES;
				ENABLE_TESTABILITY = YES;
				ENABLE_USER_SCRIPT_SANDBOXING = YES;
				GCC_C_LANGUAGE_STANDARD = gnu17;
				GCC_DYNAMIC_NO_PIC = NO;
				GCC_NO_COMMON_BLOCKS = YES;
				GCC_OPTIMIZATION_LEVEL = 0;
				GCC_PREPROCESSOR_DEFINITIONS = (
					"DEBUG=1",
					"$(inherited)",
				);
				GCC_WARN_64_TO_32_BIT_CONVERSION = YES;
				GCC_WARN_ABOUT_RETURN_TYPE = YES_ERROR;
				GCC_WARN_UNDECLARED_SELECTOR = YES;
				GCC_WARN_UNINITIALIZED_AUTOS = YES_AGGRESSIVE;
				GCC_WARN_UNUSED_FUNCTION = YES;
				GCC_WARN_UNUSED_VARIABLE = YES;
				IPHONEOS_DEPLOYMENT_TARGET = 26.2;
				LOCALIZATION_PREFERS_STRING_CATALOGS = YES;
				MTL_ENABLE_DEBUG_INFO = INCLUDE_SOURCE;
				MTL_FAST_MATH = YES;
				ONLY_ACTIVE_ARCH = YES;
				SDKROOT = iphoneos;
				SWIFT_ACTIVE_COMPILATION_CONDITIONS = "DEBUG $(inherited)";
				SWIFT_OPTIMIZATION_LEVEL = "-Onone";
			};
			name = Debug;
		};
		D91314052F5A992F003B0B26 /* Release */ = {
			isa = XCBuildConfiguration;
			buildSettings = {
				ALWAYS_SEARCH_USER_PATHS = NO;
				ASSETCATALOG_COMPILER_GENERATE_SWIFT_ASSET_SYMBOL_EXTENSIONS = YES;
				CLANG_ANALYZER_NONNULL = YES;
				CLANG_ANALYZER_NUMBER_OBJECT_CONVERSION = YES_AGGRESSIVE;
				CLANG_CXX_LANGUAGE_STANDARD = "gnu++20";
				CLANG_ENABLE_MODULES = YES;
				CLANG_ENABLE_OBJC_ARC = YES;
				CLANG_ENABLE_OBJC_WEAK = YES;
				CLANG_WARN_BLOCK_CAPTURE_AUTORELEASING = YES;
				CLANG_WARN_BOOL_CONVERSION = YES;
				CLANG_WARN_COMMA = YES;
				CLANG_WARN_CONSTANT_CONVERSION = YES;
				CLANG_WARN_DEPRECATED_OBJC_IMPLEMENTATIONS = YES;
				CLANG_WARN_DIRECT_OBJC_ISA_USAGE = YES_ERROR;
				CLANG_WARN_DOCUMENTATION_COMMENTS = YES;
				CLANG_WARN_EMPTY_BODY = YES;
				CLANG_WARN_ENUM_CONVERSION = YES;
				CLANG_WARN_INFINITE_RECURSION = YES;
				CLANG_WARN_INT_CONVERSION = YES;
				CLANG_WARN_NON_LITERAL_NULL_CONVERSION = YES;
				CLANG_WARN_OBJC_IMPLICIT_RETAIN_SELF = YES;
				CLANG_WARN_OBJC_LITERAL_CONVERSION = YES;
				CLANG_WARN_OBJC_ROOT_CLASS = YES_ERROR;
				CLANG_WARN_QUOTED_INCLUDE_IN_FRAMEWORK_HEADER = YES;
				CLANG_WARN_RANGE_LOOP_ANALYSIS = YES;
				CLANG_WARN_STRICT_PROTOTYPES = YES;
				CLANG_WARN_SUSPICIOUS_MOVE = YES;
				CLANG_WARN_UNGUARDED_AVAILABILITY = YES_AGGRESSIVE;
				CLANG_WARN_UNREACHABLE_CODE = YES;
				CLANG_WARN__DUPLICATE_METHOD_MATCH = YES;
				COPY_PHASE_STRIP = NO;
				DEBUG_INFORMATION_FORMAT = "dwarf-with-dsym";
				DEVELOPMENT_TEAM = UTH7HR53ZY;
				ENABLE_NS_ASSERTIONS = NO;
				ENABLE_STRICT_OBJC_MSGSEND = YES;
				ENABLE_USER_SCRIPT_SANDBOXING = YES;
				GCC_C_LANGUAGE_STANDARD = gnu17;
				GCC_NO_COMMON_BLOCKS = YES;
				GCC_WARN_64_TO_32_BIT_CONVERSION = YES;
				GCC_WARN_ABOUT_RETURN_TYPE = YES_ERROR;
				GCC_WARN_UNDECLARED_SELECTOR = YES;
				GCC_WARN_UNINITIALIZED_AUTOS = YES_AGGRESSIVE;
				GCC_WARN_UNUSED_FUNCTION = YES;
				GCC_WARN_UNUSED_VARIABLE = YES;
				IPHONEOS_DEPLOYMENT_TARGET = 26.2;
				LOCALIZATION_PREFERS_STRING_CATALOGS = YES;
				MTL_ENABLE_DEBUG_INFO = NO;
				MTL_FAST_MATH = YES;
				SDKROOT = iphoneos;
				SWIFT_COMPILATION_MODE = wholemodule;
				VALIDATE_PRODUCT = YES;
			};
			name = Release;
		};
		D91314072F5A992F003B0B26 /* Debug */ = {
			isa = XCBuildConfiguration;
			buildSettings = {
				ASSETCATALOG_COMPILER_APPICON_NAME = AppIcon;
				ASSETCATALOG_COMPILER_GLOBAL_ACCENT_COLOR_NAME = AccentColor;
				CODE_SIGN_STYLE = Automatic;
				CURRENT_PROJECT_VERSION = 1;
				DEVELOPMENT_TEAM = UTH7HR53ZY;
				ENABLE_PREVIEWS = YES;
				GENERATE_INFOPLIST_FILE = YES;
				INFOPLIST_FILE = ToDoList/Info.plist;
				INFOPLIST_KEY_CFBundleDisplayName = "Todo List";
				INFOPLIST_KEY_UIApplicationSceneManifest_Generation = YES;
				INFOPLIST_KEY_UIApplicationSupportsIndirectInputEvents = YES;
				INFOPLIST_KEY_UILaunchScreen_Generation = YES;
				INFOPLIST_KEY_UISupportedInterfaceOrientations = UIInterfaceOrientationPortrait;
				INFOPLIST_KEY_UISupportedInterfaceOrientations_iPad = "UIInterfaceOrientationLandscapeLeft UIInterfaceOrientationLandscapeRight UIInterfaceOrientationPortrait UIInterfaceOrientationPortraitUpsideDown";
				LD_RUNPATH_SEARCH_PATHS = (
					"$(inherited)",
					"@executable_path/Frameworks",
				);
				MARKETING_VERSION = 1.0;
				PRODUCT_BUNDLE_IDENTIFIER = fdci.ToDoList;
				PRODUCT_NAME = "$(TARGET_NAME)";
				STRING_CATALOG_GENERATE_SYMBOLS = YES;
				SWIFT_APPROACHABLE_CONCURRENCY = YES;
				SWIFT_DEFAULT_ACTOR_ISOLATION = MainActor;
				SWIFT_EMIT_LOC_STRINGS = YES;
				SWIFT_UPCOMING_FEATURE_MEMBER_IMPORT_VISIBILITY = YES;
				SWIFT_VERSION = 5.0;
				TARGETED_DEVICE_FAMILY = "1,2";
			};
			name = Debug;
		};
		D91314082F5A992F003B0B26 /* Release */ = {
			isa = XCBuildConfiguration;
			buildSettings = {
				ASSETCATALOG_COMPILER_APPICON_NAME = AppIcon;
				ASSETCATALOG_COMPILER_GLOBAL_ACCENT_COLOR_NAME = AccentColor;
				CODE_SIGN_STYLE = Automatic;
				CURRENT_PROJECT_VERSION = 1;
				DEVELOPMENT_TEAM = UTH7HR53ZY;
				ENABLE_PREVIEWS = YES;
				GENERATE_INFOPLIST_FILE = YES;
				INFOPLIST_FILE = ToDoList/Info.plist;
				INFOPLIST_KEY_CFBundleDisplayName = "Todo List";
				INFOPLIST_KEY_UIApplicationSceneManifest_Generation = YES;
				INFOPLIST_KEY_UIApplicationSupportsIndirectInputEvents = YES;
				INFOPLIST_KEY_UILaunchScreen_Generation = YES;
				INFOPLIST_KEY_UISupportedInterfaceOrientations = UIInterfaceOrientationPortrait;
				INFOPLIST_KEY_UISupportedInterfaceOrientations_iPad = "UIInterfaceOrientationLandscapeLeft UIInterfaceOrientationLandscapeRight UIInterfaceOrientationPortrait UIInterfaceOrientationPortraitUpsideDown";
				LD_RUNPATH_SEARCH_PATHS = (
					"$(inherited)",
					"@executable_path/Frameworks",
				);
				MARKETING_VERSION = 1.0;
				PRODUCT_BUNDLE_IDENTIFIER = fdci.ToDoList;
				PRODUCT_NAME = "$(TARGET_NAME)";
				STRING_CATALOG_GENERATE_SYMBOLS = YES;
				SWIFT_APPROACHABLE_CONCURRENCY = YES;
				SWIFT_DEFAULT_ACTOR_ISOLATION = MainActor;
				SWIFT_EMIT_LOC_STRINGS = YES;
				SWIFT_UPCOMING_FEATURE_MEMBER_IMPORT_VISIBILITY = YES;
				SWIFT_VERSION = 5.0;
				TARGETED_DEVICE_FAMILY = "1,2";
			};
			name = Release;
		};
/* End XCBuildConfiguration section */

/* Begin XCConfigurationList section */
		D91313F62F5A992D003B0B26 /* Build configuration list for PBXProject "ToDoList" */ = {
			isa = XCConfigurationList;
			buildConfigurations = (
				D91314042F5A992F003B0B26 /* Debug */,
				D91314052F5A992F003B0B26 /* Release */,
			);
			defaultConfigurationIsVisible = 0;
			defaultConfigurationName = Release;
		};
		D91314062F5A992F003B0B26 /* Build configuration list for PBXNativeTarget "ToDoList" */ = {
			isa = XCConfigurationList;
			buildConfigurations = (
				D91314072F5A992F003B0B26 /* Debug */,
				D91314082F5A992F003B0B26 /* Release */,
			);
			defaultConfigurationIsVisible = 0;
			defaultConfigurationName = Release;
		};
/* End XCConfigurationList section */

/* Begin XCRemoteSwiftPackageReference section */
		D91314092F5A9DC8003B0B26 /* XCRemoteSwiftPackageReference "firebase-ios-sdk" */ = {
			isa = XCRemoteSwiftPackageReference;
			repositoryURL = "https://github.com/firebase/firebase-ios-sdk";
			requirement = {
				kind = upToNextMajorVersion;
				minimumVersion = 12.10.0;
			};
		};
		D913148E2F5AAC31003B0B26 /* XCRemoteSwiftPackageReference "GoogleSignIn-iOS" */ = {
			isa = XCRemoteSwiftPackageReference;
			repositoryURL = "https://github.com/google/GoogleSignIn-iOS";
			requirement = {
				kind = upToNextMajorVersion;
				minimumVersion = 9.1.0;
			};
		};
		D99172652F5AC158005B8A67 /* XCRemoteSwiftPackageReference "cloudinary_ios" */ = {
			isa = XCRemoteSwiftPackageReference;
			repositoryURL = "https://github.com/cloudinary/cloudinary_ios";
			requirement = {
				kind = upToNextMajorVersion;
				minimumVersion = 5.2.5;
			};
		};
/* End XCRemoteSwiftPackageReference section */

/* Begin XCSwiftPackageProductDependency section */
		D913140A2F5A9DC8003B0B26 /* FirebaseAppCheck */ = {
			isa = XCSwiftPackageProductDependency;
			package = D91314092F5A9DC8003B0B26 /* XCRemoteSwiftPackageReference "firebase-ios-sdk" */;
			productName = FirebaseAppCheck;
		};
		D913140C2F5A9DC8003B0B26 /* FirebaseAuth */ = {
			isa = XCSwiftPackageProductDependency;
			package = D91314092F5A9DC8003B0B26 /* XCRemoteSwiftPackageReference "firebase-ios-sdk" */;
			productName = FirebaseAuth;
		};
		D913140E2F5A9DC8003B0B26 /* FirebaseAuthCombine-Community */ = {
			isa = XCSwiftPackageProductDependency;
			package = D91314092F5A9DC8003B0B26 /* XCRemoteSwiftPackageReference "firebase-ios-sdk" */;
			productName = "FirebaseAuthCombine-Community";
		};
		D91314102F5A9DC8003B0B26 /* FirebaseCore */ = {
			isa = XCSwiftPackageProductDependency;
			package = D91314092F5A9DC8003B0B26 /* XCRemoteSwiftPackageReference "firebase-ios-sdk" */;
			productName = FirebaseCore;
		};
		D91314122F5A9DC8003B0B26 /* FirebaseDatabase */ = {
			isa = XCSwiftPackageProductDependency;
			package = D91314092F5A9DC8003B0B26 /* XCRemoteSwiftPackageReference "firebase-ios-sdk" */;
			productName = FirebaseDatabase;
		};
		D91314142F5A9DC8003B0B26 /* FirebaseFunctions */ = {
			isa = XCSwiftPackageProductDependency;
			package = D91314092F5A9DC8003B0B26 /* XCRemoteSwiftPackageReference "firebase-ios-sdk" */;
			productName = FirebaseFunctions;
		};
		D91314162F5A9DC8003B0B26 /* FirebaseInstallations */ = {
			isa = XCSwiftPackageProductDependency;
			package = D91314092F5A9DC8003B0B26 /* XCRemoteSwiftPackageReference "firebase-ios-sdk" */;
			productName = FirebaseInstallations;
		};
		D91314182F5A9DC8003B0B26 /* FirebaseRemoteConfig */ = {
			isa = XCSwiftPackageProductDependency;
			package = D91314092F5A9DC8003B0B26 /* XCRemoteSwiftPackageReference "firebase-ios-sdk" */;
			productName = FirebaseRemoteConfig;
		};
		D913146E2F5AAB28003B0B26 /* FirebaseAI */ = {
			isa = XCSwiftPackageProductDependency;
			package = D91314092F5A9DC8003B0B26 /* XCRemoteSwiftPackageReference "firebase-ios-sdk" */;
			productName = FirebaseAI;
		};
		D91314702F5AAB28003B0B26 /* FirebaseAILogic */ = {
			isa = XCSwiftPackageProductDependency;
			package = D91314092F5A9DC8003B0B26 /* XCRemoteSwiftPackageReference "firebase-ios-sdk" */;
			productName = FirebaseAILogic;
		};
		D91314722F5AAB28003B0B26 /* FirebaseAnalytics */ = {
			isa = XCSwiftPackageProductDependency;
			package = D91314092F5A9DC8003B0B26 /* XCRemoteSwiftPackageReference "firebase-ios-sdk" */;
			productName = FirebaseAnalytics;
		};
		D91314742F5AAB28003B0B26 /* FirebaseAnalyticsCore */ = {
			isa = XCSwiftPackageProductDependency;
			package = D91314092F5A9DC8003B0B26 /* XCRemoteSwiftPackageReference "firebase-ios-sdk" */;
			productName = FirebaseAnalyticsCore;
		};
		D91314762F5AAB28003B0B26 /* FirebaseAnalyticsIdentitySupport */ = {
			isa = XCSwiftPackageProductDependency;
			package = D91314092F5A9DC8003B0B26 /* XCRemoteSwiftPackageReference "firebase-ios-sdk" */;
			productName = FirebaseAnalyticsIdentitySupport;
		};
		D91314782F5AAB28003B0B26 /* FirebaseAppDistribution-Beta */ = {
			isa = XCSwiftPackageProductDependency;
			package = D91314092F5A9DC8003B0B26 /* XCRemoteSwiftPackageReference "firebase-ios-sdk" */;
			productName = "FirebaseAppDistribution-Beta";
		};
		D913147A2F5AAB28003B0B26 /* FirebaseCrashlytics */ = {
			isa = XCSwiftPackageProductDependency;
			package = D91314092F5A9DC8003B0B26 /* XCRemoteSwiftPackageReference "firebase-ios-sdk" */;
			productName = FirebaseCrashlytics;
		};
		D913147C2F5AAB28003B0B26 /* FirebaseFirestore */ = {
			isa = XCSwiftPackageProductDependency;
			package = D91314092F5A9DC8003B0B26 /* XCRemoteSwiftPackageReference "firebase-ios-sdk" */;
			productName = FirebaseFirestore;
		};
		D913147E2F5AAB28003B0B26 /* FirebaseFirestoreCombine-Community */ = {
			isa = XCSwiftPackageProductDependency;
			package = D91314092F5A9DC8003B0B26 /* XCRemoteSwiftPackageReference "firebase-ios-sdk" */;
			productName = "FirebaseFirestoreCombine-Community";
		};
		D91314802F5AAB28003B0B26 /* FirebaseFunctionsCombine-Community */ = {
			isa = XCSwiftPackageProductDependency;
			package = D91314092F5A9DC8003B0B26 /* XCRemoteSwiftPackageReference "firebase-ios-sdk" */;
			productName = "FirebaseFunctionsCombine-Community";
		};
		D91314822F5AAB28003B0B26 /* FirebaseInAppMessaging-Beta */ = {
			isa = XCSwiftPackageProductDependency;
			package = D91314092F5A9DC8003B0B26 /* XCRemoteSwiftPackageReference "firebase-ios-sdk" */;
			productName = "FirebaseInAppMessaging-Beta";
		};
		D91314842F5AAB28003B0B26 /* FirebaseMessaging */ = {
			isa = XCSwiftPackageProductDependency;
			package = D91314092F5A9DC8003B0B26 /* XCRemoteSwiftPackageReference "firebase-ios-sdk" */;
			productName = FirebaseMessaging;
		};
		D91314862F5AAB28003B0B26 /* FirebaseMLModelDownloader */ = {
			isa = XCSwiftPackageProductDependency;
			package = D91314092F5A9DC8003B0B26 /* XCRemoteSwiftPackageReference "firebase-ios-sdk" */;
			productName = FirebaseMLModelDownloader;
		};
		D91314882F5AAB28003B0B26 /* FirebasePerformance */ = {
			isa = XCSwiftPackageProductDependency;
			package = D91314092F5A9DC8003B0B26 /* XCRemoteSwiftPackageReference "firebase-ios-sdk" */;
			productName = FirebasePerformance;
		};
		D913148A2F5AAB28003B0B26 /* FirebaseStorage */ = {
			isa = XCSwiftPackageProductDependency;
			package = D91314092F5A9DC8003B0B26 /* XCRemoteSwiftPackageReference "firebase-ios-sdk" */;
			productName = FirebaseStorage;
		};
		D913148C2F5AAB28003B0B26 /* FirebaseStorageCombine-Community */ = {
			isa = XCSwiftPackageProductDependency;
			package = D91314092F5A9DC8003B0B26 /* XCRemoteSwiftPackageReference "firebase-ios-sdk" */;
			productName = "FirebaseStorageCombine-Community";
		};
		D913148F2F5AAC31003B0B26 /* GoogleSignIn */ = {
			isa = XCSwiftPackageProductDependency;
			package = D913148E2F5AAC31003B0B26 /* XCRemoteSwiftPackageReference "GoogleSignIn-iOS" */;
			productName = GoogleSignIn;
		};
		D91314912F5AAC31003B0B26 /* GoogleSignInSwift */ = {
			isa = XCSwiftPackageProductDependency;
			package = D913148E2F5AAC31003B0B26 /* XCRemoteSwiftPackageReference "GoogleSignIn-iOS" */;
			productName = GoogleSignInSwift;
		};
		D99172662F5AC158005B8A67 /* Cloudinary */ = {
			isa = XCSwiftPackageProductDependency;
			package = D99172652F5AC158005B8A67 /* XCRemoteSwiftPackageReference "cloudinary_ios" */;
			productName = Cloudinary;
		};
/* End XCSwiftPackageProductDependency section */
	};
	rootObject = D91313F32F5A992D003B0B26 /* Project object */;
}
